// !$*UTF8*$!
{
	archiveVersion = 1;
	classes = {
	};
	objectVersion = 46;
	objects = {

/* Begin PBXBuildFile section */
		0A1CE37D1B01599600D78CCD /* AkzidenzGrotesk-Bold.otf in Resources */ = {isa = PBXBuildFile; fileRef = 0A1CE3561B01599600D78CCD /* AkzidenzGrotesk-Bold.otf */; };
		0A1CE37E1B01599600D78CCD /* AkzidenzGrotesk-BoldCond.otf in Resources */ = {isa = PBXBuildFile; fileRef = 0A1CE3571B01599600D78CCD /* AkzidenzGrotesk-BoldCond.otf */; };
		0A1CE37F1B01599600D78CCD /* AkzidenzGrotesk-BoldCondAlt.otf in Resources */ = {isa = PBXBuildFile; fileRef = 0A1CE3581B01599600D78CCD /* AkzidenzGrotesk-BoldCondAlt.otf */; };
		0A1CE3801B01599600D78CCD /* AkzidenzGrotesk-BoldCondItalic.otf in Resources */ = {isa = PBXBuildFile; fileRef = 0A1CE3591B01599600D78CCD /* AkzidenzGrotesk-BoldCondItalic.otf */; };
		0A1CE3811B01599600D78CCD /* AkzidenzGrotesk-BoldExtended.otf in Resources */ = {isa = PBXBuildFile; fileRef = 0A1CE35A1B01599600D78CCD /* AkzidenzGrotesk-BoldExtended.otf */; };
		0A1CE3821B01599600D78CCD /* AkzidenzGrotesk-BoldExtendedItalic.otf in Resources */ = {isa = PBXBuildFile; fileRef = 0A1CE35B1B01599600D78CCD /* AkzidenzGrotesk-BoldExtendedItalic.otf */; };
		0A1CE3831B01599600D78CCD /* AkzidenzGrotesk-BoldItalic.otf in Resources */ = {isa = PBXBuildFile; fileRef = 0A1CE35C1B01599600D78CCD /* AkzidenzGrotesk-BoldItalic.otf */; };
		0A1CE3841B01599600D78CCD /* AkzidenzGrotesk-Cond.otf in Resources */ = {isa = PBXBuildFile; fileRef = 0A1CE35D1B01599600D78CCD /* AkzidenzGrotesk-Cond.otf */; };
		0A1CE3851B01599600D78CCD /* AkzidenzGrotesk-CondItalic.otf in Resources */ = {isa = PBXBuildFile; fileRef = 0A1CE35E1B01599600D78CCD /* AkzidenzGrotesk-CondItalic.otf */; };
		0A1CE3861B01599600D78CCD /* AkzidenzGrotesk-Extended.otf in Resources */ = {isa = PBXBuildFile; fileRef = 0A1CE35F1B01599600D78CCD /* AkzidenzGrotesk-Extended.otf */; };
		0A1CE3871B01599600D78CCD /* AkzidenzGrotesk-ExtendedItalic.otf in Resources */ = {isa = PBXBuildFile; fileRef = 0A1CE3601B01599600D78CCD /* AkzidenzGrotesk-ExtendedItalic.otf */; };
		0A1CE3881B01599600D78CCD /* AkzidenzGrotesk-ExtraBold.otf in Resources */ = {isa = PBXBuildFile; fileRef = 0A1CE3611B01599600D78CCD /* AkzidenzGrotesk-ExtraBold.otf */; };
		0A1CE3891B01599600D78CCD /* AkzidenzGrotesk-ExtraBoldAlt.otf in Resources */ = {isa = PBXBuildFile; fileRef = 0A1CE3621B01599600D78CCD /* AkzidenzGrotesk-ExtraBoldAlt.otf */; };
		0A1CE38A1B01599600D78CCD /* AkzidenzGrotesk-ExtraBoldCond.otf in Resources */ = {isa = PBXBuildFile; fileRef = 0A1CE3631B01599600D78CCD /* AkzidenzGrotesk-ExtraBoldCond.otf */; };
		0A1CE38B1B01599600D78CCD /* AkzidenzGrotesk-ExtraBoldCondAlt.otf in Resources */ = {isa = PBXBuildFile; fileRef = 0A1CE3641B01599600D78CCD /* AkzidenzGrotesk-ExtraBoldCondAlt.otf */; };
		0A1CE38C1B01599600D78CCD /* AkzidenzGrotesk-ExtraBoldCondItalic.otf in Resources */ = {isa = PBXBuildFile; fileRef = 0A1CE3651B01599600D78CCD /* AkzidenzGrotesk-ExtraBoldCondItalic.otf */; };
		0A1CE38D1B01599600D78CCD /* AkzidenzGrotesk-ExtraBoldCondItalicAlt.otf in Resources */ = {isa = PBXBuildFile; fileRef = 0A1CE3661B01599600D78CCD /* AkzidenzGrotesk-ExtraBoldCondItalicAlt.otf */; };
		0A1CE38E1B01599600D78CCD /* AkzidenzGrotesk-ExtraBoldItalic.otf in Resources */ = {isa = PBXBuildFile; fileRef = 0A1CE3671B01599600D78CCD /* AkzidenzGrotesk-ExtraBoldItalic.otf */; };
		0A1CE38F1B01599600D78CCD /* AkzidenzGrotesk-Italic.otf in Resources */ = {isa = PBXBuildFile; fileRef = 0A1CE3681B01599600D78CCD /* AkzidenzGrotesk-Italic.otf */; };
		0A1CE3901B01599600D78CCD /* AkzidenzGrotesk-Light.otf in Resources */ = {isa = PBXBuildFile; fileRef = 0A1CE3691B01599600D78CCD /* AkzidenzGrotesk-Light.otf */; };
		0A1CE3911B01599600D78CCD /* AkzidenzGrotesk-LightCond.otf in Resources */ = {isa = PBXBuildFile; fileRef = 0A1CE36A1B01599600D78CCD /* AkzidenzGrotesk-LightCond.otf */; };
		0A1CE3921B01599600D78CCD /* AkzidenzGrotesk-LightCondItalic.otf in Resources */ = {isa = PBXBuildFile; fileRef = 0A1CE36B1B01599600D78CCD /* AkzidenzGrotesk-LightCondItalic.otf */; };
		0A1CE3931B01599600D78CCD /* AkzidenzGrotesk-LightExtended.otf in Resources */ = {isa = PBXBuildFile; fileRef = 0A1CE36C1B01599600D78CCD /* AkzidenzGrotesk-LightExtended.otf */; };
		0A1CE3941B01599600D78CCD /* AkzidenzGrotesk-LightExtendedItalic.otf in Resources */ = {isa = PBXBuildFile; fileRef = 0A1CE36D1B01599600D78CCD /* AkzidenzGrotesk-LightExtendedItalic.otf */; };
		0A1CE3951B01599600D78CCD /* AkzidenzGrotesk-LightItalic.otf in Resources */ = {isa = PBXBuildFile; fileRef = 0A1CE36E1B01599600D78CCD /* AkzidenzGrotesk-LightItalic.otf */; };
		0A1CE3961B01599600D78CCD /* AkzidenzGrotesk-LightItalicOsF.otf in Resources */ = {isa = PBXBuildFile; fileRef = 0A1CE36F1B01599600D78CCD /* AkzidenzGrotesk-LightItalicOsF.otf */; };
		0A1CE3971B01599600D78CCD /* AkzidenzGrotesk-LightOsF.otf in Resources */ = {isa = PBXBuildFile; fileRef = 0A1CE3701B01599600D78CCD /* AkzidenzGrotesk-LightOsF.otf */; };
		0A1CE3981B01599600D78CCD /* AkzidenzGrotesk-LightSC.otf in Resources */ = {isa = PBXBuildFile; fileRef = 0A1CE3711B01599600D78CCD /* AkzidenzGrotesk-LightSC.otf */; };
		0A1CE3991B01599600D78CCD /* AkzidenzGrotesk-Medium.otf in Resources */ = {isa = PBXBuildFile; fileRef = 0A1CE3721B01599600D78CCD /* AkzidenzGrotesk-Medium.otf */; };
		0A1CE39A1B01599600D78CCD /* AkzidenzGrotesk-MediumCond.otf in Resources */ = {isa = PBXBuildFile; fileRef = 0A1CE3731B01599600D78CCD /* AkzidenzGrotesk-MediumCond.otf */; };
		0A1CE39B1B01599600D78CCD /* AkzidenzGrotesk-MediumCondAlt.otf in Resources */ = {isa = PBXBuildFile; fileRef = 0A1CE3741B01599600D78CCD /* AkzidenzGrotesk-MediumCondAlt.otf */; };
		0A1CE39C1B01599600D78CCD /* AkzidenzGrotesk-MediumCondItalic.otf in Resources */ = {isa = PBXBuildFile; fileRef = 0A1CE3751B01599600D78CCD /* AkzidenzGrotesk-MediumCondItalic.otf */; };
		0A1CE39D1B01599600D78CCD /* AkzidenzGrotesk-MediumCondItalicAlt.otf in Resources */ = {isa = PBXBuildFile; fileRef = 0A1CE3761B01599600D78CCD /* AkzidenzGrotesk-MediumCondItalicAlt.otf */; };
		0A1CE39E1B01599600D78CCD /* AkzidenzGrotesk-MediumExtended.otf in Resources */ = {isa = PBXBuildFile; fileRef = 0A1CE3771B01599600D78CCD /* AkzidenzGrotesk-MediumExtended.otf */; };
		0A1CE39F1B01599600D78CCD /* AkzidenzGrotesk-MediumExtendedItalic.otf in Resources */ = {isa = PBXBuildFile; fileRef = 0A1CE3781B01599600D78CCD /* AkzidenzGrotesk-MediumExtendedItalic.otf */; };
		0A1CE3A01B01599600D78CCD /* AkzidenzGrotesk-MediumItalic.otf in Resources */ = {isa = PBXBuildFile; fileRef = 0A1CE3791B01599600D78CCD /* AkzidenzGrotesk-MediumItalic.otf */; };
		0A1CE3A11B01599600D78CCD /* AkzidenzGrotesk-Regular.otf in Resources */ = {isa = PBXBuildFile; fileRef = 0A1CE37A1B01599600D78CCD /* AkzidenzGrotesk-Regular.otf */; };
		0A1CE3A21B01599600D78CCD /* AkzidenzGrotesk-Super.otf in Resources */ = {isa = PBXBuildFile; fileRef = 0A1CE37B1B01599600D78CCD /* AkzidenzGrotesk-Super.otf */; };
		0A1CE3A31B01599600D78CCD /* AkzidenzGrotesk-SuperItalic.otf in Resources */ = {isa = PBXBuildFile; fileRef = 0A1CE37C1B01599600D78CCD /* AkzidenzGrotesk-SuperItalic.otf */; };
		F6953FA51B0E53C40064D317 /* LaunchScreen.xib in Resources */ = {isa = PBXBuildFile; fileRef = F6953FA31B0E53C40064D317 /* LaunchScreen.xib */; };
		F6953FA91B0E59DC0064D317 /* Reachability.m in Sources */ = {isa = PBXBuildFile; fileRef = F6953FA81B0E59DC0064D317 /* Reachability.m */; };
		F6953FAC1B0E866D0064D317 /* yeah.mp3 in Resources */ = {isa = PBXBuildFile; fileRef = F6953FAB1B0E866D0064D317 /* yeah.mp3 */; };
		F6953FAE1B0E8C030064D317 /* AVFoundation.framework in Frameworks */ = {isa = PBXBuildFile; fileRef = F6953FAD1B0E8C030064D317 /* AVFoundation.framework */; };
		F6953FB01B0ED7090064D317 /* error.mp3 in Resources */ = {isa = PBXBuildFile; fileRef = F6953FAF1B0ED7090064D317 /* error.mp3 */; };
		F6953FB21B0ED7960064D317 /* acerto.mp3 in Resources */ = {isa = PBXBuildFile; fileRef = F6953FB11B0ED7960064D317 /* acerto.mp3 */; };
		F6953FB41B0ED86A0064D317 /* Chablau.mp3 in Resources */ = {isa = PBXBuildFile; fileRef = F6953FB31B0ED86A0064D317 /* Chablau.mp3 */; };
		F6953FB61B0ED8F00064D317 /* 5seconds.mp3 in Resources */ = {isa = PBXBuildFile; fileRef = F6953FB51B0ED8F00064D317 /* 5seconds.mp3 */; };
		F6976EB51B0304090048B25C /* ScoreViewController.m in Sources */ = {isa = PBXBuildFile; fileRef = F6976EB41B0304090048B25C /* ScoreViewController.m */; };
		F6976EB81B03046F0048B25C /* AboutViewController.m in Sources */ = {isa = PBXBuildFile; fileRef = F6976EB71B03046F0048B25C /* AboutViewController.m */; };
		F6976EBB1B03B6720048B25C /* Score.m in Sources */ = {isa = PBXBuildFile; fileRef = F6976EBA1B03B6720048B25C /* Score.m */; };
		F6A31C691B01508900763793 /* CustomAnnotation.m in Sources */ = {isa = PBXBuildFile; fileRef = F6A31C681B01508900763793 /* CustomAnnotation.m */; };
		F6E687A81B01334D006D3FAE /* SCLAlertView.m in Sources */ = {isa = PBXBuildFile; fileRef = F6E6879E1B01334D006D3FAE /* SCLAlertView.m */; };
		F6E687A91B01334D006D3FAE /* SCLAlertViewResponder.m in Sources */ = {isa = PBXBuildFile; fileRef = F6E687A01B01334D006D3FAE /* SCLAlertViewResponder.m */; };
		F6E687AA1B01334D006D3FAE /* SCLAlertViewStyleKit.m in Sources */ = {isa = PBXBuildFile; fileRef = F6E687A21B01334D006D3FAE /* SCLAlertViewStyleKit.m */; };
		F6E687AB1B01334D006D3FAE /* SCLButton.m in Sources */ = {isa = PBXBuildFile; fileRef = F6E687A41B01334D006D3FAE /* SCLButton.m */; };
		F6E687AC1B01334D006D3FAE /* UIImage+ImageEffects.m in Sources */ = {isa = PBXBuildFile; fileRef = F6E687A71B01334D006D3FAE /* UIImage+ImageEffects.m */; };
		F6E7005C1AFD373C00A48FD3 /* main.m in Sources */ = {isa = PBXBuildFile; fileRef = F6E7005B1AFD373C00A48FD3 /* main.m */; };
		F6E7005F1AFD373C00A48FD3 /* AppDelegate.m in Sources */ = {isa = PBXBuildFile; fileRef = F6E7005E1AFD373C00A48FD3 /* AppDelegate.m */; };
		F6E700621AFD373C00A48FD3 /* WordSearch.xcdatamodeld in Sources */ = {isa = PBXBuildFile; fileRef = F6E700601AFD373C00A48FD3 /* WordSearch.xcdatamodeld */; };
		F6E700651AFD373C00A48FD3 /* ViewController.m in Sources */ = {isa = PBXBuildFile; fileRef = F6E700641AFD373C00A48FD3 /* ViewController.m */; };
		F6E700681AFD373C00A48FD3 /* Main.storyboard in Resources */ = {isa = PBXBuildFile; fileRef = F6E700661AFD373C00A48FD3 /* Main.storyboard */; };
		F6E7006A1AFD373C00A48FD3 /* Images.xcassets in Resources */ = {isa = PBXBuildFile; fileRef = F6E700691AFD373C00A48FD3 /* Images.xcassets */; };
		F6E700791AFD373C00A48FD3 /* WordSearchTests.m in Sources */ = {isa = PBXBuildFile; fileRef = F6E700781AFD373C00A48FD3 /* WordSearchTests.m */; };
		F6E700831AFD38C600A48FD3 /* MapKit.framework in Frameworks */ = {isa = PBXBuildFile; fileRef = F6E700821AFD38C600A48FD3 /* MapKit.framework */; };
		F6E700851AFD38CC00A48FD3 /* CoreLocation.framework in Frameworks */ = {isa = PBXBuildFile; fileRef = F6E700841AFD38CC00A48FD3 /* CoreLocation.framework */; };
		F6E7008A1AFD3ACE00A48FD3 /* MapaViewController.m in Sources */ = {isa = PBXBuildFile; fileRef = F6E700891AFD3ACE00A48FD3 /* MapaViewController.m */; };
/* End PBXBuildFile section */

/* Begin PBXContainerItemProxy section */
		F6E700731AFD373C00A48FD3 /* PBXContainerItemProxy */ = {
			isa = PBXContainerItemProxy;
			containerPortal = F6E7004E1AFD373C00A48FD3 /* Project object */;
			proxyType = 1;
			remoteGlobalIDString = F6E700551AFD373C00A48FD3;
			remoteInfo = WordSearch;
		};
/* End PBXContainerItemProxy section */

/* Begin PBXFileReference section */
		0A1CE3561B01599600D78CCD /* AkzidenzGrotesk-Bold.otf */ = {isa = PBXFileReference; lastKnownFileType = file; name = "AkzidenzGrotesk-Bold.otf"; path = "../AkzidenzGrotesk-Bold.otf"; sourceTree = "<group>"; };
		0A1CE3571B01599600D78CCD /* AkzidenzGrotesk-BoldCond.otf */ = {isa = PBXFileReference; lastKnownFileType = file; name = "AkzidenzGrotesk-BoldCond.otf"; path = "../AkzidenzGrotesk-BoldCond.otf"; sourceTree = "<group>"; };
		0A1CE3581B01599600D78CCD /* AkzidenzGrotesk-BoldCondAlt.otf */ = {isa = PBXFileReference; lastKnownFileType = file; name = "AkzidenzGrotesk-BoldCondAlt.otf"; path = "../AkzidenzGrotesk-BoldCondAlt.otf"; sourceTree = "<group>"; };
		0A1CE3591B01599600D78CCD /* AkzidenzGrotesk-BoldCondItalic.otf */ = {isa = PBXFileReference; lastKnownFileType = file; name = "AkzidenzGrotesk-BoldCondItalic.otf"; path = "../AkzidenzGrotesk-BoldCondItalic.otf"; sourceTree = "<group>"; };
		0A1CE35A1B01599600D78CCD /* AkzidenzGrotesk-BoldExtended.otf */ = {isa = PBXFileReference; lastKnownFileType = file; name = "AkzidenzGrotesk-BoldExtended.otf"; path = "../AkzidenzGrotesk-BoldExtended.otf"; sourceTree = "<group>"; };
		0A1CE35B1B01599600D78CCD /* AkzidenzGrotesk-BoldExtendedItalic.otf */ = {isa = PBXFileReference; lastKnownFileType = file; name = "AkzidenzGrotesk-BoldExtendedItalic.otf"; path = "../AkzidenzGrotesk-BoldExtendedItalic.otf"; sourceTree = "<group>"; };
		0A1CE35C1B01599600D78CCD /* AkzidenzGrotesk-BoldItalic.otf */ = {isa = PBXFileReference; lastKnownFileType = file; name = "AkzidenzGrotesk-BoldItalic.otf"; path = "../AkzidenzGrotesk-BoldItalic.otf"; sourceTree = "<group>"; };
		0A1CE35D1B01599600D78CCD /* AkzidenzGrotesk-Cond.otf */ = {isa = PBXFileReference; lastKnownFileType = file; name = "AkzidenzGrotesk-Cond.otf"; path = "../AkzidenzGrotesk-Cond.otf"; sourceTree = "<group>"; };
		0A1CE35E1B01599600D78CCD /* AkzidenzGrotesk-CondItalic.otf */ = {isa = PBXFileReference; lastKnownFileType = file; name = "AkzidenzGrotesk-CondItalic.otf"; path = "../AkzidenzGrotesk-CondItalic.otf"; sourceTree = "<group>"; };
		0A1CE35F1B01599600D78CCD /* AkzidenzGrotesk-Extended.otf */ = {isa = PBXFileReference; lastKnownFileType = file; name = "AkzidenzGrotesk-Extended.otf"; path = "../AkzidenzGrotesk-Extended.otf"; sourceTree = "<group>"; };
		0A1CE3601B01599600D78CCD /* AkzidenzGrotesk-ExtendedItalic.otf */ = {isa = PBXFileReference; lastKnownFileType = file; name = "AkzidenzGrotesk-ExtendedItalic.otf"; path = "../AkzidenzGrotesk-ExtendedItalic.otf"; sourceTree = "<group>"; };
		0A1CE3611B01599600D78CCD /* AkzidenzGrotesk-ExtraBold.otf */ = {isa = PBXFileReference; lastKnownFileType = file; name = "AkzidenzGrotesk-ExtraBold.otf"; path = "../AkzidenzGrotesk-ExtraBold.otf"; sourceTree = "<group>"; };
		0A1CE3621B01599600D78CCD /* AkzidenzGrotesk-ExtraBoldAlt.otf */ = {isa = PBXFileReference; lastKnownFileType = file; name = "AkzidenzGrotesk-ExtraBoldAlt.otf"; path = "../AkzidenzGrotesk-ExtraBoldAlt.otf"; sourceTree = "<group>"; };
		0A1CE3631B01599600D78CCD /* AkzidenzGrotesk-ExtraBoldCond.otf */ = {isa = PBXFileReference; lastKnownFileType = file; name = "AkzidenzGrotesk-ExtraBoldCond.otf"; path = "../AkzidenzGrotesk-ExtraBoldCond.otf"; sourceTree = "<group>"; };
		0A1CE3641B01599600D78CCD /* AkzidenzGrotesk-ExtraBoldCondAlt.otf */ = {isa = PBXFileReference; lastKnownFileType = file; name = "AkzidenzGrotesk-ExtraBoldCondAlt.otf"; path = "../AkzidenzGrotesk-ExtraBoldCondAlt.otf"; sourceTree = "<group>"; };
		0A1CE3651B01599600D78CCD /* AkzidenzGrotesk-ExtraBoldCondItalic.otf */ = {isa = PBXFileReference; lastKnownFileType = file; name = "AkzidenzGrotesk-ExtraBoldCondItalic.otf"; path = "../AkzidenzGrotesk-ExtraBoldCondItalic.otf"; sourceTree = "<group>"; };
		0A1CE3661B01599600D78CCD /* AkzidenzGrotesk-ExtraBoldCondItalicAlt.otf */ = {isa = PBXFileReference; lastKnownFileType = file; name = "AkzidenzGrotesk-ExtraBoldCondItalicAlt.otf"; path = "../AkzidenzGrotesk-ExtraBoldCondItalicAlt.otf"; sourceTree = "<group>"; };
		0A1CE3671B01599600D78CCD /* AkzidenzGrotesk-ExtraBoldItalic.otf */ = {isa = PBXFileReference; lastKnownFileType = file; name = "AkzidenzGrotesk-ExtraBoldItalic.otf"; path = "../AkzidenzGrotesk-ExtraBoldItalic.otf"; sourceTree = "<group>"; };
		0A1CE3681B01599600D78CCD /* AkzidenzGrotesk-Italic.otf */ = {isa = PBXFileReference; lastKnownFileType = file; name = "AkzidenzGrotesk-Italic.otf"; path = "../AkzidenzGrotesk-Italic.otf"; sourceTree = "<group>"; };
		0A1CE3691B01599600D78CCD /* AkzidenzGrotesk-Light.otf */ = {isa = PBXFileReference; lastKnownFileType = file; name = "AkzidenzGrotesk-Light.otf"; path = "../AkzidenzGrotesk-Light.otf"; sourceTree = "<group>"; };
		0A1CE36A1B01599600D78CCD /* AkzidenzGrotesk-LightCond.otf */ = {isa = PBXFileReference; lastKnownFileType = file; name = "AkzidenzGrotesk-LightCond.otf"; path = "../AkzidenzGrotesk-LightCond.otf"; sourceTree = "<group>"; };
		0A1CE36B1B01599600D78CCD /* AkzidenzGrotesk-LightCondItalic.otf */ = {isa = PBXFileReference; lastKnownFileType = file; name = "AkzidenzGrotesk-LightCondItalic.otf"; path = "../AkzidenzGrotesk-LightCondItalic.otf"; sourceTree = "<group>"; };
		0A1CE36C1B01599600D78CCD /* AkzidenzGrotesk-LightExtended.otf */ = {isa = PBXFileReference; lastKnownFileType = file; name = "AkzidenzGrotesk-LightExtended.otf"; path = "../AkzidenzGrotesk-LightExtended.otf"; sourceTree = "<group>"; };
		0A1CE36D1B01599600D78CCD /* AkzidenzGrotesk-LightExtendedItalic.otf */ = {isa = PBXFileReference; lastKnownFileType = file; name = "AkzidenzGrotesk-LightExtendedItalic.otf"; path = "../AkzidenzGrotesk-LightExtendedItalic.otf"; sourceTree = "<group>"; };
		0A1CE36E1B01599600D78CCD /* AkzidenzGrotesk-LightItalic.otf */ = {isa = PBXFileReference; lastKnownFileType = file; name = "AkzidenzGrotesk-LightItalic.otf"; path = "../AkzidenzGrotesk-LightItalic.otf"; sourceTree = "<group>"; };
		0A1CE36F1B01599600D78CCD /* AkzidenzGrotesk-LightItalicOsF.otf */ = {isa = PBXFileReference; lastKnownFileType = file; name = "AkzidenzGrotesk-LightItalicOsF.otf"; path = "../AkzidenzGrotesk-LightItalicOsF.otf"; sourceTree = "<group>"; };
		0A1CE3701B01599600D78CCD /* AkzidenzGrotesk-LightOsF.otf */ = {isa = PBXFileReference; lastKnownFileType = file; name = "AkzidenzGrotesk-LightOsF.otf"; path = "../AkzidenzGrotesk-LightOsF.otf"; sourceTree = "<group>"; };
		0A1CE3711B01599600D78CCD /* AkzidenzGrotesk-LightSC.otf */ = {isa = PBXFileReference; lastKnownFileType = file; name = "AkzidenzGrotesk-LightSC.otf"; path = "../AkzidenzGrotesk-LightSC.otf"; sourceTree = "<group>"; };
		0A1CE3721B01599600D78CCD /* AkzidenzGrotesk-Medium.otf */ = {isa = PBXFileReference; lastKnownFileType = file; name = "AkzidenzGrotesk-Medium.otf"; path = "../AkzidenzGrotesk-Medium.otf"; sourceTree = "<group>"; };
		0A1CE3731B01599600D78CCD /* AkzidenzGrotesk-MediumCond.otf */ = {isa = PBXFileReference; lastKnownFileType = file; name = "AkzidenzGrotesk-MediumCond.otf"; path = "../AkzidenzGrotesk-MediumCond.otf"; sourceTree = "<group>"; };
		0A1CE3741B01599600D78CCD /* AkzidenzGrotesk-MediumCondAlt.otf */ = {isa = PBXFileReference; lastKnownFileType = file; name = "AkzidenzGrotesk-MediumCondAlt.otf"; path = "../AkzidenzGrotesk-MediumCondAlt.otf"; sourceTree = "<group>"; };
		0A1CE3751B01599600D78CCD /* AkzidenzGrotesk-MediumCondItalic.otf */ = {isa = PBXFileReference; lastKnownFileType = file; name = "AkzidenzGrotesk-MediumCondItalic.otf"; path = "../AkzidenzGrotesk-MediumCondItalic.otf"; sourceTree = "<group>"; };
		0A1CE3761B01599600D78CCD /* AkzidenzGrotesk-MediumCondItalicAlt.otf */ = {isa = PBXFileReference; lastKnownFileType = file; name = "AkzidenzGrotesk-MediumCondItalicAlt.otf"; path = "../AkzidenzGrotesk-MediumCondItalicAlt.otf"; sourceTree = "<group>"; };
		0A1CE3771B01599600D78CCD /* AkzidenzGrotesk-MediumExtended.otf */ = {isa = PBXFileReference; lastKnownFileType = file; name = "AkzidenzGrotesk-MediumExtended.otf"; path = "../AkzidenzGrotesk-MediumExtended.otf"; sourceTree = "<group>"; };
		0A1CE3781B01599600D78CCD /* AkzidenzGrotesk-MediumExtendedItalic.otf */ = {isa = PBXFileReference; lastKnownFileType = file; name = "AkzidenzGrotesk-MediumExtendedItalic.otf"; path = "../AkzidenzGrotesk-MediumExtendedItalic.otf"; sourceTree = "<group>"; };
		0A1CE3791B01599600D78CCD /* AkzidenzGrotesk-MediumItalic.otf */ = {isa = PBXFileReference; lastKnownFileType = file; name = "AkzidenzGrotesk-MediumItalic.otf"; path = "../AkzidenzGrotesk-MediumItalic.otf"; sourceTree = "<group>"; };
		0A1CE37A1B01599600D78CCD /* AkzidenzGrotesk-Regular.otf */ = {isa = PBXFileReference; lastKnownFileType = file; name = "AkzidenzGrotesk-Regular.otf"; path = "../AkzidenzGrotesk-Regular.otf"; sourceTree = "<group>"; };
		0A1CE37B1B01599600D78CCD /* AkzidenzGrotesk-Super.otf */ = {isa = PBXFileReference; lastKnownFileType = file; name = "AkzidenzGrotesk-Super.otf"; path = "../AkzidenzGrotesk-Super.otf"; sourceTree = "<group>"; };
		0A1CE37C1B01599600D78CCD /* AkzidenzGrotesk-SuperItalic.otf */ = {isa = PBXFileReference; lastKnownFileType = file; name = "AkzidenzGrotesk-SuperItalic.otf"; path = "../AkzidenzGrotesk-SuperItalic.otf"; sourceTree = "<group>"; };
		F6953FA41B0E53C40064D317 /* Base */ = {isa = PBXFileReference; lastKnownFileType = file.xib; name = Base; path = WordSearch/Base.lproj/LaunchScreen.xib; sourceTree = "<group>"; };
		F6953FA71B0E59DC0064D317 /* Reachability.h */ = {isa = PBXFileReference; fileEncoding = 4; lastKnownFileType = sourcecode.c.h; path = Reachability.h; sourceTree = "<group>"; };
		F6953FA81B0E59DC0064D317 /* Reachability.m */ = {isa = PBXFileReference; fileEncoding = 4; lastKnownFileType = sourcecode.c.objc; path = Reachability.m; sourceTree = "<group>"; };
		F6953FAB1B0E866D0064D317 /* yeah.mp3 */ = {isa = PBXFileReference; lastKnownFileType = audio.mp3; path = yeah.mp3; sourceTree = "<group>"; };
		F6953FAD1B0E8C030064D317 /* AVFoundation.framework */ = {isa = PBXFileReference; lastKnownFileType = wrapper.framework; name = AVFoundation.framework; path = System/Library/Frameworks/AVFoundation.framework; sourceTree = SDKROOT; };
		F6953FAF1B0ED7090064D317 /* error.mp3 */ = {isa = PBXFileReference; lastKnownFileType = audio.mp3; path = error.mp3; sourceTree = "<group>"; };
		F6953FB11B0ED7960064D317 /* acerto.mp3 */ = {isa = PBXFileReference; lastKnownFileType = audio.mp3; path = acerto.mp3; sourceTree = "<group>"; };
		F6953FB31B0ED86A0064D317 /* Chablau.mp3 */ = {isa = PBXFileReference; lastKnownFileType = audio.mp3; path = Chablau.mp3; sourceTree = "<group>"; };
		F6953FB51B0ED8F00064D317 /* 5seconds.mp3 */ = {isa = PBXFileReference; lastKnownFileType = audio.mp3; path = 5seconds.mp3; sourceTree = "<group>"; };
		F6976EB31B0304090048B25C /* ScoreViewController.h */ = {isa = PBXFileReference; fileEncoding = 4; lastKnownFileType = sourcecode.c.h; name = ScoreViewController.h; path = ../ScoreViewController.h; sourceTree = "<group>"; };
		F6976EB41B0304090048B25C /* ScoreViewController.m */ = {isa = PBXFileReference; fileEncoding = 4; lastKnownFileType = sourcecode.c.objc; name = ScoreViewController.m; path = ../ScoreViewController.m; sourceTree = "<group>"; };
		F6976EB61B03046F0048B25C /* AboutViewController.h */ = {isa = PBXFileReference; fileEncoding = 4; lastKnownFileType = sourcecode.c.h; path = AboutViewController.h; sourceTree = "<group>"; };
		F6976EB71B03046F0048B25C /* AboutViewController.m */ = {isa = PBXFileReference; fileEncoding = 4; lastKnownFileType = sourcecode.c.objc; path = AboutViewController.m; sourceTree = "<group>"; };
		F6976EB91B03B6720048B25C /* Score.h */ = {isa = PBXFileReference; fileEncoding = 4; lastKnownFileType = sourcecode.c.h; path = Score.h; sourceTree = "<group>"; };
		F6976EBA1B03B6720048B25C /* Score.m */ = {isa = PBXFileReference; fileEncoding = 4; lastKnownFileType = sourcecode.c.objc; path = Score.m; sourceTree = "<group>"; };
		F6A31C671B01508900763793 /* CustomAnnotation.h */ = {isa = PBXFileReference; fileEncoding = 4; lastKnownFileType = sourcecode.c.h; path = CustomAnnotation.h; sourceTree = "<group>"; };
		F6A31C681B01508900763793 /* CustomAnnotation.m */ = {isa = PBXFileReference; fileEncoding = 4; lastKnownFileType = sourcecode.c.objc; path = CustomAnnotation.m; sourceTree = "<group>"; };
		F6E6879D1B01334D006D3FAE /* SCLAlertView.h */ = {isa = PBXFileReference; fileEncoding = 4; lastKnownFileType = sourcecode.c.h; path = SCLAlertView.h; sourceTree = "<group>"; };
		F6E6879E1B01334D006D3FAE /* SCLAlertView.m */ = {isa = PBXFileReference; fileEncoding = 4; lastKnownFileType = sourcecode.c.objc; path = SCLAlertView.m; sourceTree = "<group>"; };
		F6E6879F1B01334D006D3FAE /* SCLAlertViewResponder.h */ = {isa = PBXFileReference; fileEncoding = 4; lastKnownFileType = sourcecode.c.h; path = SCLAlertViewResponder.h; sourceTree = "<group>"; };
		F6E687A01B01334D006D3FAE /* SCLAlertViewResponder.m */ = {isa = PBXFileReference; fileEncoding = 4; lastKnownFileType = sourcecode.c.objc; path = SCLAlertViewResponder.m; sourceTree = "<group>"; };
		F6E687A11B01334D006D3FAE /* SCLAlertViewStyleKit.h */ = {isa = PBXFileReference; fileEncoding = 4; lastKnownFileType = sourcecode.c.h; path = SCLAlertViewStyleKit.h; sourceTree = "<group>"; };
		F6E687A21B01334D006D3FAE /* SCLAlertViewStyleKit.m */ = {isa = PBXFileReference; fileEncoding = 4; lastKnownFileType = sourcecode.c.objc; path = SCLAlertViewStyleKit.m; sourceTree = "<group>"; };
		F6E687A31B01334D006D3FAE /* SCLButton.h */ = {isa = PBXFileReference; fileEncoding = 4; lastKnownFileType = sourcecode.c.h; path = SCLButton.h; sourceTree = "<group>"; };
		F6E687A41B01334D006D3FAE /* SCLButton.m */ = {isa = PBXFileReference; fileEncoding = 4; lastKnownFileType = sourcecode.c.objc; path = SCLButton.m; sourceTree = "<group>"; };
		F6E687A51B01334D006D3FAE /* SCLMacros.h */ = {isa = PBXFileReference; fileEncoding = 4; lastKnownFileType = sourcecode.c.h; path = SCLMacros.h; sourceTree = "<group>"; };
		F6E687A61B01334D006D3FAE /* UIImage+ImageEffects.h */ = {isa = PBXFileReference; fileEncoding = 4; lastKnownFileType = sourcecode.c.h; path = "UIImage+ImageEffects.h"; sourceTree = "<group>"; };
		F6E687A71B01334D006D3FAE /* UIImage+ImageEffects.m */ = {isa = PBXFileReference; fileEncoding = 4; lastKnownFileType = sourcecode.c.objc; path = "UIImage+ImageEffects.m"; sourceTree = "<group>"; };
		F6E700561AFD373C00A48FD3 /* WordSearch.app */ = {isa = PBXFileReference; explicitFileType = wrapper.application; includeInIndex = 0; path = WordSearch.app; sourceTree = BUILT_PRODUCTS_DIR; };
		F6E7005A1AFD373C00A48FD3 /* Info.plist */ = {isa = PBXFileReference; lastKnownFileType = text.plist.xml; path = Info.plist; sourceTree = "<group>"; };
		F6E7005B1AFD373C00A48FD3 /* main.m */ = {isa = PBXFileReference; lastKnownFileType = sourcecode.c.objc; path = main.m; sourceTree = "<group>"; };
		F6E7005D1AFD373C00A48FD3 /* AppDelegate.h */ = {isa = PBXFileReference; lastKnownFileType = sourcecode.c.h; path = AppDelegate.h; sourceTree = "<group>"; };
		F6E7005E1AFD373C00A48FD3 /* AppDelegate.m */ = {isa = PBXFileReference; lastKnownFileType = sourcecode.c.objc; path = AppDelegate.m; sourceTree = "<group>"; };
		F6E700611AFD373C00A48FD3 /* WordSearch.xcdatamodel */ = {isa = PBXFileReference; lastKnownFileType = wrapper.xcdatamodel; path = WordSearch.xcdatamodel; sourceTree = "<group>"; };
		F6E700631AFD373C00A48FD3 /* ViewController.h */ = {isa = PBXFileReference; lastKnownFileType = sourcecode.c.h; path = ViewController.h; sourceTree = "<group>"; };
		F6E700641AFD373C00A48FD3 /* ViewController.m */ = {isa = PBXFileReference; lastKnownFileType = sourcecode.c.objc; path = ViewController.m; sourceTree = "<group>"; };
		F6E700671AFD373C00A48FD3 /* Base */ = {isa = PBXFileReference; lastKnownFileType = file.storyboard; name = Base; path = Base.lproj/Main.storyboard; sourceTree = "<group>"; };
		F6E700691AFD373C00A48FD3 /* Images.xcassets */ = {isa = PBXFileReference; lastKnownFileType = folder.assetcatalog; path = Images.xcassets; sourceTree = "<group>"; };
		F6E700721AFD373C00A48FD3 /* WordSearchTests.xctest */ = {isa = PBXFileReference; explicitFileType = wrapper.cfbundle; includeInIndex = 0; path = WordSearchTests.xctest; sourceTree = BUILT_PRODUCTS_DIR; };
		F6E700771AFD373C00A48FD3 /* Info.plist */ = {isa = PBXFileReference; lastKnownFileType = text.plist.xml; path = Info.plist; sourceTree = "<group>"; };
		F6E700781AFD373C00A48FD3 /* WordSearchTests.m */ = {isa = PBXFileReference; lastKnownFileType = sourcecode.c.objc; path = WordSearchTests.m; sourceTree = "<group>"; };
		F6E700821AFD38C600A48FD3 /* MapKit.framework */ = {isa = PBXFileReference; lastKnownFileType = wrapper.framework; name = MapKit.framework; path = System/Library/Frameworks/MapKit.framework; sourceTree = SDKROOT; };
		F6E700841AFD38CC00A48FD3 /* CoreLocation.framework */ = {isa = PBXFileReference; lastKnownFileType = wrapper.framework; name = CoreLocation.framework; path = System/Library/Frameworks/CoreLocation.framework; sourceTree = SDKROOT; };
		F6E700881AFD3ACE00A48FD3 /* MapaViewController.h */ = {isa = PBXFileReference; fileEncoding = 4; lastKnownFileType = sourcecode.c.h; path = MapaViewController.h; sourceTree = "<group>"; };
		F6E700891AFD3ACE00A48FD3 /* MapaViewController.m */ = {isa = PBXFileReference; fileEncoding = 4; lastKnownFileType = sourcecode.c.objc; path = MapaViewController.m; sourceTree = "<group>"; };
/* End PBXFileReference section */

/* Begin PBXFrameworksBuildPhase section */
		F6E700531AFD373C00A48FD3 /* Frameworks */ = {
			isa = PBXFrameworksBuildPhase;
			buildActionMask = 2147483647;
			files = (
				F6953FAE1B0E8C030064D317 /* AVFoundation.framework in Frameworks */,
				F6E700851AFD38CC00A48FD3 /* CoreLocation.framework in Frameworks */,
				F6E700831AFD38C600A48FD3 /* MapKit.framework in Frameworks */,
			);
			runOnlyForDeploymentPostprocessing = 0;
		};
		F6E7006F1AFD373C00A48FD3 /* Frameworks */ = {
			isa = PBXFrameworksBuildPhase;
			buildActionMask = 2147483647;
			files = (
			);
			runOnlyForDeploymentPostprocessing = 0;
		};
/* End PBXFrameworksBuildPhase section */

/* Begin PBXGroup section */
		0A1CE3A41B0159D800D78CCD /* fonts */ = {
			isa = PBXGroup;
			children = (
				0A1CE3561B01599600D78CCD /* AkzidenzGrotesk-Bold.otf */,
				0A1CE3571B01599600D78CCD /* AkzidenzGrotesk-BoldCond.otf */,
				0A1CE3581B01599600D78CCD /* AkzidenzGrotesk-BoldCondAlt.otf */,
				0A1CE3591B01599600D78CCD /* AkzidenzGrotesk-BoldCondItalic.otf */,
				0A1CE35A1B01599600D78CCD /* AkzidenzGrotesk-BoldExtended.otf */,
				0A1CE35B1B01599600D78CCD /* AkzidenzGrotesk-BoldExtendedItalic.otf */,
				0A1CE35C1B01599600D78CCD /* AkzidenzGrotesk-BoldItalic.otf */,
				0A1CE35D1B01599600D78CCD /* AkzidenzGrotesk-Cond.otf */,
				0A1CE35E1B01599600D78CCD /* AkzidenzGrotesk-CondItalic.otf */,
				0A1CE35F1B01599600D78CCD /* AkzidenzGrotesk-Extended.otf */,
				0A1CE3601B01599600D78CCD /* AkzidenzGrotesk-ExtendedItalic.otf */,
				0A1CE3611B01599600D78CCD /* AkzidenzGrotesk-ExtraBold.otf */,
				0A1CE3621B01599600D78CCD /* AkzidenzGrotesk-ExtraBoldAlt.otf */,
				0A1CE3631B01599600D78CCD /* AkzidenzGrotesk-ExtraBoldCond.otf */,
				0A1CE3641B01599600D78CCD /* AkzidenzGrotesk-ExtraBoldCondAlt.otf */,
				0A1CE3651B01599600D78CCD /* AkzidenzGrotesk-ExtraBoldCondItalic.otf */,
				0A1CE3661B01599600D78CCD /* AkzidenzGrotesk-ExtraBoldCondItalicAlt.otf */,
				0A1CE3671B01599600D78CCD /* AkzidenzGrotesk-ExtraBoldItalic.otf */,
				0A1CE3681B01599600D78CCD /* AkzidenzGrotesk-Italic.otf */,
				0A1CE3691B01599600D78CCD /* AkzidenzGrotesk-Light.otf */,
				0A1CE36A1B01599600D78CCD /* AkzidenzGrotesk-LightCond.otf */,
				0A1CE36B1B01599600D78CCD /* AkzidenzGrotesk-LightCondItalic.otf */,
				0A1CE36C1B01599600D78CCD /* AkzidenzGrotesk-LightExtended.otf */,
				0A1CE36D1B01599600D78CCD /* AkzidenzGrotesk-LightExtendedItalic.otf */,
				0A1CE36E1B01599600D78CCD /* AkzidenzGrotesk-LightItalic.otf */,
				0A1CE36F1B01599600D78CCD /* AkzidenzGrotesk-LightItalicOsF.otf */,
				0A1CE3701B01599600D78CCD /* AkzidenzGrotesk-LightOsF.otf */,
				0A1CE3711B01599600D78CCD /* AkzidenzGrotesk-LightSC.otf */,
				0A1CE3721B01599600D78CCD /* AkzidenzGrotesk-Medium.otf */,
				0A1CE3731B01599600D78CCD /* AkzidenzGrotesk-MediumCond.otf */,
				0A1CE3741B01599600D78CCD /* AkzidenzGrotesk-MediumCondAlt.otf */,
				0A1CE3751B01599600D78CCD /* AkzidenzGrotesk-MediumCondItalic.otf */,
				0A1CE3761B01599600D78CCD /* AkzidenzGrotesk-MediumCondItalicAlt.otf */,
				0A1CE3771B01599600D78CCD /* AkzidenzGrotesk-MediumExtended.otf */,
				0A1CE3781B01599600D78CCD /* AkzidenzGrotesk-MediumExtendedItalic.otf */,
				0A1CE3791B01599600D78CCD /* AkzidenzGrotesk-MediumItalic.otf */,
				0A1CE37A1B01599600D78CCD /* AkzidenzGrotesk-Regular.otf */,
				0A1CE37B1B01599600D78CCD /* AkzidenzGrotesk-Super.otf */,
				0A1CE37C1B01599600D78CCD /* AkzidenzGrotesk-SuperItalic.otf */,
			);
			name = fonts;
			sourceTree = "<group>";
		};
		F6953FA21B0E538E0064D317 /* SplashScreen */ = {
			isa = PBXGroup;
			children = (
				F6953FA31B0E53C40064D317 /* LaunchScreen.xib */,
			);
			name = SplashScreen;
			sourceTree = "<group>";
		};
		F6953FA61B0E59BF0064D317 /* Reachability */ = {
			isa = PBXGroup;
			children = (
				F6953FA71B0E59DC0064D317 /* Reachability.h */,
				F6953FA81B0E59DC0064D317 /* Reachability.m */,
			);
			name = Reachability;
			sourceTree = "<group>";
		};
		F6953FAA1B0E86610064D317 /* Sounds */ = {
			isa = PBXGroup;
			children = (
				F6953FAB1B0E866D0064D317 /* yeah.mp3 */,
				F6953FAF1B0ED7090064D317 /* error.mp3 */,
				F6953FB31B0ED86A0064D317 /* Chablau.mp3 */,
				F6953FB11B0ED7960064D317 /* acerto.mp3 */,
				F6953FB51B0ED8F00064D317 /* 5seconds.mp3 */,
			);
			name = Sounds;
			sourceTree = "<group>";
		};
		F6A31C661B01507200763793 /* Annotation */ = {
			isa = PBXGroup;
			children = (
				F6A31C671B01508900763793 /* CustomAnnotation.h */,
				F6A31C681B01508900763793 /* CustomAnnotation.m */,
			);
			name = Annotation;
			sourceTree = "<group>";
		};
		F6E6879C1B013301006D3FAE /* SCLAlertView */ = {
			isa = PBXGroup;
			children = (
				F6E6879D1B01334D006D3FAE /* SCLAlertView.h */,
				F6E6879E1B01334D006D3FAE /* SCLAlertView.m */,
				F6E6879F1B01334D006D3FAE /* SCLAlertViewResponder.h */,
				F6E687A01B01334D006D3FAE /* SCLAlertViewResponder.m */,
				F6E687A11B01334D006D3FAE /* SCLAlertViewStyleKit.h */,
				F6E687A21B01334D006D3FAE /* SCLAlertViewStyleKit.m */,
				F6E687A31B01334D006D3FAE /* SCLButton.h */,
				F6E687A41B01334D006D3FAE /* SCLButton.m */,
				F6E687A51B01334D006D3FAE /* SCLMacros.h */,
				F6E687A61B01334D006D3FAE /* UIImage+ImageEffects.h */,
				F6E687A71B01334D006D3FAE /* UIImage+ImageEffects.m */,
			);
			name = SCLAlertView;
			sourceTree = "<group>";
		};
		F6E7004D1AFD373C00A48FD3 = {
			isa = PBXGroup;
			children = (
				F6953FAD1B0E8C030064D317 /* AVFoundation.framework */,
				F6E700841AFD38CC00A48FD3 /* CoreLocation.framework */,
				F6E700821AFD38C600A48FD3 /* MapKit.framework */,
				F6E700581AFD373C00A48FD3 /* WordSearch */,
				F6E700751AFD373C00A48FD3 /* WordSearchTests */,
				F6E700571AFD373C00A48FD3 /* Products */,
			);
			sourceTree = "<group>";
		};
		F6E700571AFD373C00A48FD3 /* Products */ = {
			isa = PBXGroup;
			children = (
				F6E700561AFD373C00A48FD3 /* WordSearch.app */,
				F6E700721AFD373C00A48FD3 /* WordSearchTests.xctest */,
			);
			name = Products;
			sourceTree = "<group>";
		};
		F6E700581AFD373C00A48FD3 /* WordSearch */ = {
			isa = PBXGroup;
			children = (
				F6953FAA1B0E86610064D317 /* Sounds */,
				F6E700661AFD373C00A48FD3 /* Main.storyboard */,
				F6E7005D1AFD373C00A48FD3 /* AppDelegate.h */,
				F6E7005E1AFD373C00A48FD3 /* AppDelegate.m */,
				F6953FA61B0E59BF0064D317 /* Reachability */,
				F6953FA21B0E538E0064D317 /* SplashScreen */,
				F6E6879C1B013301006D3FAE /* SCLAlertView */,
				0A1CE3A41B0159D800D78CCD /* fonts */,
				F6A31C661B01507200763793 /* Annotation */,
				F6E700861AFD38D900A48FD3 /* Controllers */,
				F6E700871AFD38E200A48FD3 /* Model */,
				F6E700691AFD373C00A48FD3 /* Images.xcassets */,
				F6E700601AFD373C00A48FD3 /* WordSearch.xcdatamodeld */,
				F6E700591AFD373C00A48FD3 /* Supporting Files */,
			);
			path = WordSearch;
			sourceTree = "<group>";
		};
		F6E700591AFD373C00A48FD3 /* Supporting Files */ = {
			isa = PBXGroup;
			children = (
				F6E7005A1AFD373C00A48FD3 /* Info.plist */,
				F6E7005B1AFD373C00A48FD3 /* main.m */,
			);
			name = "Supporting Files";
			sourceTree = "<group>";
		};
		F6E700751AFD373C00A48FD3 /* WordSearchTests */ = {
			isa = PBXGroup;
			children = (
				F6E700781AFD373C00A48FD3 /* WordSearchTests.m */,
				F6E700761AFD373C00A48FD3 /* Supporting Files */,
			);
			path = WordSearchTests;
			sourceTree = "<group>";
		};
		F6E700761AFD373C00A48FD3 /* Supporting Files */ = {
			isa = PBXGroup;
			children = (
				F6E700771AFD373C00A48FD3 /* Info.plist */,
			);
			name = "Supporting Files";
			sourceTree = "<group>";
		};
		F6E700861AFD38D900A48FD3 /* Controllers */ = {
			isa = PBXGroup;
			children = (
				F6E700631AFD373C00A48FD3 /* ViewController.h */,
				F6E700641AFD373C00A48FD3 /* ViewController.m */,
				F6E700881AFD3ACE00A48FD3 /* MapaViewController.h */,
				F6E700891AFD3ACE00A48FD3 /* MapaViewController.m */,
				F6976EB31B0304090048B25C /* ScoreViewController.h */,
				F6976EB41B0304090048B25C /* ScoreViewController.m */,
				F6976EB61B03046F0048B25C /* AboutViewController.h */,
				F6976EB71B03046F0048B25C /* AboutViewController.m */,
			);
			name = Controllers;
			sourceTree = "<group>";
		};
		F6E700871AFD38E200A48FD3 /* Model */ = {
			isa = PBXGroup;
			children = (
				F6976EB91B03B6720048B25C /* Score.h */,
				F6976EBA1B03B6720048B25C /* Score.m */,
			);
			name = Model;
			sourceTree = "<group>";
		};
/* End PBXGroup section */

/* Begin PBXNativeTarget section */
		F6E700551AFD373C00A48FD3 /* WordSearch */ = {
			isa = PBXNativeTarget;
			buildConfigurationList = F6E7007C1AFD373C00A48FD3 /* Build configuration list for PBXNativeTarget "WordSearch" */;
			buildPhases = (
				F6E700521AFD373C00A48FD3 /* Sources */,
				F6E700531AFD373C00A48FD3 /* Frameworks */,
				F6E700541AFD373C00A48FD3 /* Resources */,
			);
			buildRules = (
			);
			dependencies = (
			);
			name = WordSearch;
			productName = WordSearch;
			productReference = F6E700561AFD373C00A48FD3 /* WordSearch.app */;
			productType = "com.apple.product-type.application";
		};
		F6E700711AFD373C00A48FD3 /* WordSearchTests */ = {
			isa = PBXNativeTarget;
			buildConfigurationList = F6E7007F1AFD373C00A48FD3 /* Build configuration list for PBXNativeTarget "WordSearchTests" */;
			buildPhases = (
				F6E7006E1AFD373C00A48FD3 /* Sources */,
				F6E7006F1AFD373C00A48FD3 /* Frameworks */,
				F6E700701AFD373C00A48FD3 /* Resources */,
			);
			buildRules = (
			);
			dependencies = (
				F6E700741AFD373C00A48FD3 /* PBXTargetDependency */,
			);
			name = WordSearchTests;
			productName = WordSearchTests;
			productReference = F6E700721AFD373C00A48FD3 /* WordSearchTests.xctest */;
			productType = "com.apple.product-type.bundle.unit-test";
		};
/* End PBXNativeTarget section */

/* Begin PBXProject section */
		F6E7004E1AFD373C00A48FD3 /* Project object */ = {
			isa = PBXProject;
			attributes = {
				LastUpgradeCheck = 0630;
				ORGANIZATIONNAME = "Rodrigo Silva";
				TargetAttributes = {
					F6E700551AFD373C00A48FD3 = {
						CreatedOnToolsVersion = 6.3;
						DevelopmentTeam = TYR4SNBGM8;
					};
					F6E700711AFD373C00A48FD3 = {
						CreatedOnToolsVersion = 6.3;
						TestTargetID = F6E700551AFD373C00A48FD3;
					};
				};
			};
			buildConfigurationList = F6E700511AFD373C00A48FD3 /* Build configuration list for PBXProject "WordSearch" */;
			compatibilityVersion = "Xcode 3.2";
			developmentRegion = English;
			hasScannedForEncodings = 0;
			knownRegions = (
				en,
				Base,
			);
			mainGroup = F6E7004D1AFD373C00A48FD3;
			productRefGroup = F6E700571AFD373C00A48FD3 /* Products */;
			projectDirPath = "";
			projectRoot = "";
			targets = (
				F6E700551AFD373C00A48FD3 /* WordSearch */,
				F6E700711AFD373C00A48FD3 /* WordSearchTests */,
			);
		};
/* End PBXProject section */

/* Begin PBXResourcesBuildPhase section */
		F6E700541AFD373C00A48FD3 /* Resources */ = {
			isa = PBXResourcesBuildPhase;
			buildActionMask = 2147483647;
			files = (
				0A1CE3801B01599600D78CCD /* AkzidenzGrotesk-BoldCondItalic.otf in Resources */,
				0A1CE38C1B01599600D78CCD /* AkzidenzGrotesk-ExtraBoldCondItalic.otf in Resources */,
				0A1CE38E1B01599600D78CCD /* AkzidenzGrotesk-ExtraBoldItalic.otf in Resources */,
				0A1CE3961B01599600D78CCD /* AkzidenzGrotesk-LightItalicOsF.otf in Resources */,
				0A1CE38F1B01599600D78CCD /* AkzidenzGrotesk-Italic.otf in Resources */,
				0A1CE38B1B01599600D78CCD /* AkzidenzGrotesk-ExtraBoldCondAlt.otf in Resources */,
				0A1CE39D1B01599600D78CCD /* AkzidenzGrotesk-MediumCondItalicAlt.otf in Resources */,
				0A1CE3861B01599600D78CCD /* AkzidenzGrotesk-Extended.otf in Resources */,
				0A1CE3A11B01599600D78CCD /* AkzidenzGrotesk-Regular.otf in Resources */,
				0A1CE3A31B01599600D78CCD /* AkzidenzGrotesk-SuperItalic.otf in Resources */,
				F6953FA51B0E53C40064D317 /* LaunchScreen.xib in Resources */,
				0A1CE3A21B01599600D78CCD /* AkzidenzGrotesk-Super.otf in Resources */,
				0A1CE3891B01599600D78CCD /* AkzidenzGrotesk-ExtraBoldAlt.otf in Resources */,
				0A1CE37D1B01599600D78CCD /* AkzidenzGrotesk-Bold.otf in Resources */,
				0A1CE3831B01599600D78CCD /* AkzidenzGrotesk-BoldItalic.otf in Resources */,
				0A1CE3981B01599600D78CCD /* AkzidenzGrotesk-LightSC.otf in Resources */,
				0A1CE3871B01599600D78CCD /* AkzidenzGrotesk-ExtendedItalic.otf in Resources */,
				0A1CE3A01B01599600D78CCD /* AkzidenzGrotesk-MediumItalic.otf in Resources */,
				0A1CE38A1B01599600D78CCD /* AkzidenzGrotesk-ExtraBoldCond.otf in Resources */,
				0A1CE38D1B01599600D78CCD /* AkzidenzGrotesk-ExtraBoldCondItalicAlt.otf in Resources */,
				0A1CE3911B01599600D78CCD /* AkzidenzGrotesk-LightCond.otf in Resources */,
				F6953FB41B0ED86A0064D317 /* Chablau.mp3 in Resources */,
				F6953FB01B0ED7090064D317 /* error.mp3 in Resources */,
				0A1CE3811B01599600D78CCD /* AkzidenzGrotesk-BoldExtended.otf in Resources */,
				0A1CE3881B01599600D78CCD /* AkzidenzGrotesk-ExtraBold.otf in Resources */,
				0A1CE3821B01599600D78CCD /* AkzidenzGrotesk-BoldExtendedItalic.otf in Resources */,
				0A1CE3971B01599600D78CCD /* AkzidenzGrotesk-LightOsF.otf in Resources */,
				F6E700681AFD373C00A48FD3 /* Main.storyboard in Resources */,
				F6953FB21B0ED7960064D317 /* acerto.mp3 in Resources */,
				0A1CE39E1B01599600D78CCD /* AkzidenzGrotesk-MediumExtended.otf in Resources */,
				0A1CE3941B01599600D78CCD /* AkzidenzGrotesk-LightExtendedItalic.otf in Resources */,
				F6953FAC1B0E866D0064D317 /* yeah.mp3 in Resources */,
				F6953FB61B0ED8F00064D317 /* 5seconds.mp3 in Resources */,
				0A1CE3921B01599600D78CCD /* AkzidenzGrotesk-LightCondItalic.otf in Resources */,
				0A1CE39A1B01599600D78CCD /* AkzidenzGrotesk-MediumCond.otf in Resources */,
				0A1CE3841B01599600D78CCD /* AkzidenzGrotesk-Cond.otf in Resources */,
				0A1CE39C1B01599600D78CCD /* AkzidenzGrotesk-MediumCondItalic.otf in Resources */,
				0A1CE39F1B01599600D78CCD /* AkzidenzGrotesk-MediumExtendedItalic.otf in Resources */,
				0A1CE39B1B01599600D78CCD /* AkzidenzGrotesk-MediumCondAlt.otf in Resources */,
				0A1CE37F1B01599600D78CCD /* AkzidenzGrotesk-BoldCondAlt.otf in Resources */,
				0A1CE37E1B01599600D78CCD /* AkzidenzGrotesk-BoldCond.otf in Resources */,
				F6E7006A1AFD373C00A48FD3 /* Images.xcassets in Resources */,
				0A1CE3951B01599600D78CCD /* AkzidenzGrotesk-LightItalic.otf in Resources */,
				0A1CE3851B01599600D78CCD /* AkzidenzGrotesk-CondItalic.otf in Resources */,
				0A1CE3901B01599600D78CCD /* AkzidenzGrotesk-Light.otf in Resources */,
				0A1CE3991B01599600D78CCD /* AkzidenzGrotesk-Medium.otf in Resources */,
				0A1CE3931B01599600D78CCD /* AkzidenzGrotesk-LightExtended.otf in Resources */,
			);
			runOnlyForDeploymentPostprocessing = 0;
		};
		F6E700701AFD373C00A48FD3 /* Resources */ = {
			isa = PBXResourcesBuildPhase;
			buildActionMask = 2147483647;
			files = (
			);
			runOnlyForDeploymentPostprocessing = 0;
		};
/* End PBXResourcesBuildPhase section */

/* Begin PBXSourcesBuildPhase section */
		F6E700521AFD373C00A48FD3 /* Sources */ = {
			isa = PBXSourcesBuildPhase;
			buildActionMask = 2147483647;
			files = (
				F6E7005F1AFD373C00A48FD3 /* AppDelegate.m in Sources */,
				F6E687AB1B01334D006D3FAE /* SCLButton.m in Sources */,
				F6E687A91B01334D006D3FAE /* SCLAlertViewResponder.m in Sources */,
				F6976EB51B0304090048B25C /* ScoreViewController.m in Sources */,
				F6953FA91B0E59DC0064D317 /* Reachability.m in Sources */,
				F6976EBB1B03B6720048B25C /* Score.m in Sources */,
				F6E7008A1AFD3ACE00A48FD3 /* MapaViewController.m in Sources */,
				F6E687A81B01334D006D3FAE /* SCLAlertView.m in Sources */,
				F6A31C691B01508900763793 /* CustomAnnotation.m in Sources */,
				F6E700621AFD373C00A48FD3 /* WordSearch.xcdatamodeld in Sources */,
				F6E687AC1B01334D006D3FAE /* UIImage+ImageEffects.m in Sources */,
				F6E700651AFD373C00A48FD3 /* ViewController.m in Sources */,
				F6E7005C1AFD373C00A48FD3 /* main.m in Sources */,
				F6976EB81B03046F0048B25C /* AboutViewController.m in Sources */,
				F6E687AA1B01334D006D3FAE /* SCLAlertViewStyleKit.m in Sources */,
			);
			runOnlyForDeploymentPostprocessing = 0;
		};
		F6E7006E1AFD373C00A48FD3 /* Sources */ = {
			isa = PBXSourcesBuildPhase;
			buildActionMask = 2147483647;
			files = (
				F6E700791AFD373C00A48FD3 /* WordSearchTests.m in Sources */,
			);
			runOnlyForDeploymentPostprocessing = 0;
		};
/* End PBXSourcesBuildPhase section */

/* Begin PBXTargetDependency section */
		F6E700741AFD373C00A48FD3 /* PBXTargetDependency */ = {
			isa = PBXTargetDependency;
			target = F6E700551AFD373C00A48FD3 /* WordSearch */;
			targetProxy = F6E700731AFD373C00A48FD3 /* PBXContainerItemProxy */;
		};
/* End PBXTargetDependency section */

/* Begin PBXVariantGroup section */
		F6953FA31B0E53C40064D317 /* LaunchScreen.xib */ = {
			isa = PBXVariantGroup;
			children = (
				F6953FA41B0E53C40064D317 /* Base */,
			);
			name = LaunchScreen.xib;
			sourceTree = "<group>";
		};
		F6E700661AFD373C00A48FD3 /* Main.storyboard */ = {
			isa = PBXVariantGroup;
			children = (
				F6E700671AFD373C00A48FD3 /* Base */,
			);
			name = Main.storyboard;
			sourceTree = "<group>";
		};
/* End PBXVariantGroup section */

/* Begin XCBuildConfiguration section */
		F6E7007A1AFD373C00A48FD3 /* Debug */ = {
			isa = XCBuildConfiguration;
			buildSettings = {
				ALWAYS_SEARCH_USER_PATHS = NO;
				CLANG_CXX_LANGUAGE_STANDARD = "gnu++0x";
				CLANG_CXX_LIBRARY = "libc++";
				CLANG_ENABLE_MODULES = YES;
				CLANG_ENABLE_OBJC_ARC = YES;
				CLANG_WARN_BOOL_CONVERSION = YES;
				CLANG_WARN_CONSTANT_CONVERSION = YES;
				CLANG_WARN_DIRECT_OBJC_ISA_USAGE = YES_ERROR;
				CLANG_WARN_EMPTY_BODY = YES;
				CLANG_WARN_ENUM_CONVERSION = YES;
				CLANG_WARN_INT_CONVERSION = YES;
				CLANG_WARN_OBJC_ROOT_CLASS = YES_ERROR;
				CLANG_WARN_UNREACHABLE_CODE = YES;
				CLANG_WARN__DUPLICATE_METHOD_MATCH = YES;
				"CODE_SIGN_IDENTITY[sdk=iphoneos*]" = "iPhone Developer";
				COPY_PHASE_STRIP = NO;
				DEBUG_INFORMATION_FORMAT = "dwarf-with-dsym";
				ENABLE_STRICT_OBJC_MSGSEND = YES;
				GCC_C_LANGUAGE_STANDARD = gnu99;
				GCC_DYNAMIC_NO_PIC = NO;
				GCC_NO_COMMON_BLOCKS = YES;
				GCC_OPTIMIZATION_LEVEL = 0;
				GCC_PREPROCESSOR_DEFINITIONS = (
					"DEBUG=1",
					"$(inherited)",
				);
				GCC_SYMBOLS_PRIVATE_EXTERN = NO;
				GCC_WARN_64_TO_32_BIT_CONVERSION = YES;
				GCC_WARN_ABOUT_RETURN_TYPE = YES_ERROR;
				GCC_WARN_UNDECLARED_SELECTOR = YES;
				GCC_WARN_UNINITIALIZED_AUTOS = YES_AGGRESSIVE;
				GCC_WARN_UNUSED_FUNCTION = YES;
				GCC_WARN_UNUSED_VARIABLE = YES;
				IPHONEOS_DEPLOYMENT_TARGET = 8.3;
				MTL_ENABLE_DEBUG_INFO = YES;
				ONLY_ACTIVE_ARCH = YES;
				SDKROOT = iphoneos;
				TARGETED_DEVICE_FAMILY = "1,2";
			};
			name = Debug;
		};
		F6E7007B1AFD373C00A48FD3 /* Release */ = {
			isa = XCBuildConfiguration;
			buildSettings = {
				ALWAYS_SEARCH_USER_PATHS = NO;
				CLANG_CXX_LANGUAGE_STANDARD = "gnu++0x";
				CLANG_CXX_LIBRARY = "libc++";
				CLANG_ENABLE_MODULES = YES;
				CLANG_ENABLE_OBJC_ARC = YES;
				CLANG_WARN_BOOL_CONVERSION = YES;
				CLANG_WARN_CONSTANT_CONVERSION = YES;
				CLANG_WARN_DIRECT_OBJC_ISA_USAGE = YES_ERROR;
				CLANG_WARN_EMPTY_BODY = YES;
				CLANG_WARN_ENUM_CONVERSION = YES;
				CLANG_WARN_INT_CONVERSION = YES;
				CLANG_WARN_OBJC_ROOT_CLASS = YES_ERROR;
				CLANG_WARN_UNREACHABLE_CODE = YES;
				CLANG_WARN__DUPLICATE_METHOD_MATCH = YES;
				"CODE_SIGN_IDENTITY[sdk=iphoneos*]" = "iPhone Developer";
				COPY_PHASE_STRIP = NO;
				DEBUG_INFORMATION_FORMAT = "dwarf-with-dsym";
				ENABLE_NS_ASSERTIONS = NO;
				ENABLE_STRICT_OBJC_MSGSEND = YES;
				GCC_C_LANGUAGE_STANDARD = gnu99;
				GCC_NO_COMMON_BLOCKS = YES;
				GCC_WARN_64_TO_32_BIT_CONVERSION = YES;
				GCC_WARN_ABOUT_RETURN_TYPE = YES_ERROR;
				GCC_WARN_UNDECLARED_SELECTOR = YES;
				GCC_WARN_UNINITIALIZED_AUTOS = YES_AGGRESSIVE;
				GCC_WARN_UNUSED_FUNCTION = YES;
				GCC_WARN_UNUSED_VARIABLE = YES;
				IPHONEOS_DEPLOYMENT_TARGET = 8.3;
				MTL_ENABLE_DEBUG_INFO = NO;
				SDKROOT = iphoneos;
				TARGETED_DEVICE_FAMILY = "1,2";
				VALIDATE_PRODUCT = YES;
			};
			name = Release;
		};
		F6E7007D1AFD373C00A48FD3 /* Debug */ = {
			isa = XCBuildConfiguration;
			buildSettings = {
				ASSETCATALOG_COMPILER_APPICON_NAME = AppIcon;
				CODE_SIGN_IDENTITY = "iPhone Developer";
				"CODE_SIGN_IDENTITY[sdk=iphoneos*]" = "iPhone Developer";
				INFOPLIST_FILE = WordSearch/Info.plist;
				LD_RUNPATH_SEARCH_PATHS = "$(inherited) @executable_path/Frameworks";
				PRODUCT_NAME = "$(TARGET_NAME)";
				PROVISIONING_PROFILE = "";
				TARGETED_DEVICE_FAMILY = 1;
			};
			name = Debug;
		};
		F6E7007E1AFD373C00A48FD3 /* Release */ = {
			isa = XCBuildConfiguration;
			buildSettings = {
				ASSETCATALOG_COMPILER_APPICON_NAME = AppIcon;
				CODE_SIGN_IDENTITY = "iPhone Developer";
				"CODE_SIGN_IDENTITY[sdk=iphoneos*]" = "iPhone Developer";
				INFOPLIST_FILE = WordSearch/Info.plist;
				LD_RUNPATH_SEARCH_PATHS = "$(inherited) @executable_path/Frameworks";
				PRODUCT_NAME = "$(TARGET_NAME)";
				PROVISIONING_PROFILE = "";
				TARGETED_DEVICE_FAMILY = 1;
			};
			name = Release;
		};
		F6E700801AFD373C00A48FD3 /* Debug */ = {
			isa = XCBuildConfiguration;
			buildSettings = {
				BUNDLE_LOADER = "$(TEST_HOST)";
				FRAMEWORK_SEARCH_PATHS = (
					"$(SDKROOT)/Developer/Library/Frameworks",
					"$(inherited)",
				);
				GCC_PREPROCESSOR_DEFINITIONS = (
					"DEBUG=1",
					"$(inherited)",
				);
				INFOPLIST_FILE = WordSearchTests/Info.plist;
				LD_RUNPATH_SEARCH_PATHS = "$(inherited) @executable_path/Frameworks @loader_path/Frameworks";
				PRODUCT_NAME = "$(TARGET_NAME)";
				TEST_HOST = "$(BUILT_PRODUCTS_DIR)/WordSearch.app/WordSearch";
			};
			name = Debug;
		};
		F6E700811AFD373C00A48FD3 /* Release */ = {
			isa = XCBuildConfiguration;
			buildSettings = {
				BUNDLE_LOADER = "$(TEST_HOST)";
				FRAMEWORK_SEARCH_PATHS = (
					"$(SDKROOT)/Developer/Library/Frameworks",
					"$(inherited)",
				);
				INFOPLIST_FILE = WordSearchTests/Info.plist;
				LD_RUNPATH_SEARCH_PATHS = "$(inherited) @executable_path/Frameworks @loader_path/Frameworks";
				PRODUCT_NAME = "$(TARGET_NAME)";
				TEST_HOST = "$(BUILT_PRODUCTS_DIR)/WordSearch.app/WordSearch";
			};
			name = Release;
		};
/* End XCBuildConfiguration section */

/* Begin XCConfigurationList section */
		F6E700511AFD373C00A48FD3 /* Build configuration list for PBXProject "WordSearch" */ = {
			isa = XCConfigurationList;
			buildConfigurations = (
				F6E7007A1AFD373C00A48FD3 /* Debug */,
				F6E7007B1AFD373C00A48FD3 /* Release */,
			);
			defaultConfigurationIsVisible = 0;
			defaultConfigurationName = Release;
		};
		F6E7007C1AFD373C00A48FD3 /* Build configuration list for PBXNativeTarget "WordSearch" */ = {
			isa = XCConfigurationList;
			buildConfigurations = (
				F6E7007D1AFD373C00A48FD3 /* Debug */,
				F6E7007E1AFD373C00A48FD3 /* Release */,
			);
			defaultConfigurationIsVisible = 0;
			defaultConfigurationName = Release;
		};
		F6E7007F1AFD373C00A48FD3 /* Build configuration list for PBXNativeTarget "WordSearchTests" */ = {
			isa = XCConfigurationList;
			buildConfigurations = (
				F6E700801AFD373C00A48FD3 /* Debug */,
				F6E700811AFD373C00A48FD3 /* Release */,
			);
			defaultConfigurationIsVisible = 0;
			defaultConfigurationName = Release;
		};
/* End XCConfigurationList section */

/* Begin XCVersionGroup section */
		F6E700601AFD373C00A48FD3 /* WordSearch.xcdatamodeld */ = {
			isa = XCVersionGroup;
			children = (
				F6E700611AFD373C00A48FD3 /* WordSearch.xcdatamodel */,
			);
			currentVersion = F6E700611AFD373C00A48FD3 /* WordSearch.xcdatamodel */;
			path = WordSearch.xcdatamodeld;
			sourceTree = "<group>";
			versionGroupType = wrapper.xcdatamodel;
		};
/* End XCVersionGroup section */
	};
	rootObject = F6E7004E1AFD373C00A48FD3 /* Project object */;
}
